
Microsoft Visual Studio Solution File, Format Version 12.00
Project("{2150E333-8FDC-42A3-9474-1A3956D46DE8}") = "src", "src", "{78F1DC20-2909-458A-823C-785EC2150207}"
EndProject
Project("{FAE04EC0-301F-11D3-BF4B-00C04F79EFBC}") = "Api", "Api\Api.csproj", "{187E3156-F612-4FD7-A3C1-8129CCCABCDE}"
EndProject
Project("{FAE04EC0-301F-11D3-BF4B-00C04F79EFBC}") = "Application", "Application\Application.csproj", "{DE640B4D-CE97-493B-A24C-0313C7D4432B}"
EndProject
Project("{FAE04EC0-301F-11D3-BF4B-00C04F79EFBC}") = "Domain", "Domain\Domain.csproj", "{FD64B848-A942-4C8B-9586-0729ABBD545D}"
EndProject
Project("{FAE04EC0-301F-11D3-BF4B-00C04F79EFBC}") = "Infrastructure", "Infrastructure\Infrastructure.csproj", "{43210373-38F0-47C7-934A-E6135DBC75C3}"
EndProject
Project("{2150E333-8FDC-42A3-9474-1A3956D46DE8}") = "tests", "tests", "{51618E8E-7A13-4413-BCC9-E5BCC35D83A5}"
EndProject
Project("{FAE04EC0-301F-11D3-BF4B-00C04F79EFBC}") = "UnitTests", "UnitTests\UnitTests.csproj", "{7BEA84E5-5B3C-43AA-A92D-2A0878D13390}"
EndProject
Project("{FAE04EC0-301F-11D3-BF4B-00C04F79EFBC}") = "IntegrationTests", "IntegrationTests\IntegrationTests.csproj", "{7509B287-F52A-4960-B22F-ECFAB5E44826}"
EndProject
Project("{FAE04EC0-301F-11D3-BF4B-00C04F79EFBC}") = "Shared", "Shared\Shared.csproj", "{DB3F3D47-0AA1-4232-8841-C3669A7D12E0}"
EndProject
Global
	GlobalSection(SolutionConfigurationPlatforms) = preSolution
		Debug|Any CPU = Debug|Any CPU
		Release|Any CPU = Release|Any CPU
	EndGlobalSection
	GlobalSection(NestedProjects) = preSolution
		{187E3156-F612-4FD7-A3C1-8129CCCABCDE} = {78F1DC20-2909-458A-823C-785EC2150207}
		{DE640B4D-CE97-493B-A24C-0313C7D4432B} = {78F1DC20-2909-458A-823C-785EC2150207}
		{FD64B848-A942-4C8B-9586-0729ABBD545D} = {78F1DC20-2909-458A-823C-785EC2150207}
		{43210373-38F0-47C7-934A-E6135DBC75C3} = {78F1DC20-2909-458A-823C-785EC2150207}
		{7BEA84E5-5B3C-43AA-A92D-2A0878D13390} = {51618E8E-7A13-4413-BCC9-E5BCC35D83A5}
		{7509B287-F52A-4960-B22F-ECFAB5E44826} = {51618E8E-7A13-4413-BCC9-E5BCC35D83A5}
		{DB3F3D47-0AA1-4232-8841-C3669A7D12E0} = {78F1DC20-2909-458A-823C-785EC2150207}
	EndGlobalSection
	GlobalSection(ProjectConfigurationPlatforms) = postSolution
		{187E3156-F612-4FD7-A3C1-8129CCCABCDE}.Debug|Any CPU.ActiveCfg = Debug|Any CPU
		{187E3156-F612-4FD7-A3C1-8129CCCABCDE}.Debug|Any CPU.Build.0 = Debug|Any CPU
		{187E3156-F612-4FD7-A3C1-8129CCCABCDE}.Release|Any CPU.ActiveCfg = Release|Any CPU
		{187E3156-F612-4FD7-A3C1-8129CCCABCDE}.Release|Any CPU.Build.0 = Release|Any CPU
		{DE640B4D-CE97-493B-A24C-0313C7D4432B}.Debug|Any CPU.ActiveCfg = Debug|Any CPU
		{DE640B4D-CE97-493B-A24C-0313C7D4432B}.Debug|Any CPU.Build.0 = Debug|Any CPU
		{DE640B4D-CE97-493B-A24C-0313C7D4432B}.Release|Any CPU.ActiveCfg = Release|Any CPU
		{DE640B4D-CE97-493B-A24C-0313C7D4432B}.Release|Any CPU.Build.0 = Release|Any CPU
		{FD64B848-A942-4C8B-9586-0729ABBD545D}.Debug|Any CPU.ActiveCfg = Debug|Any CPU
		{FD64B848-A942-4C8B-9586-0729ABBD545D}.Debug|Any CPU.Build.0 = Debug|Any CPU
		{FD64B848-A942-4C8B-9586-0729ABBD545D}.Release|Any CPU.ActiveCfg = Release|Any CPU
		{FD64B848-A942-4C8B-9586-0729ABBD545D}.Release|Any CPU.Build.0 = Release|Any CPU
		{43210373-38F0-47C7-934A-E6135DBC75C3}.Debug|Any CPU.ActiveCfg = Debug|Any CPU
		{43210373-38F0-47C7-934A-E6135DBC75C3}.Debug|Any CPU.Build.0 = Debug|Any CPU
		{43210373-38F0-47C7-934A-E6135DBC75C3}.Release|Any CPU.ActiveCfg = Release|Any CPU
		{43210373-38F0-47C7-934A-E6135DBC75C3}.Release|Any CPU.Build.0 = Release|Any CPU
		{7BEA84E5-5B3C-43AA-A92D-2A0878D13390}.Debug|Any CPU.ActiveCfg = Debug|Any CPU
		{7BEA84E5-5B3C-43AA-A92D-2A0878D13390}.Debug|Any CPU.Build.0 = Debug|Any CPU
		{7BEA84E5-5B3C-43AA-A92D-2A0878D13390}.Release|Any CPU.ActiveCfg = Release|Any CPU
		{7BEA84E5-5B3C-43AA-A92D-2A0878D13390}.Release|Any CPU.Build.0 = Release|Any CPU
		{7509B287-F52A-4960-B22F-ECFAB5E44826}.Debug|Any CPU.ActiveCfg = Debug|Any CPU
		{7509B287-F52A-4960-B22F-ECFAB5E44826}.Debug|Any CPU.Build.0 = Debug|Any CPU
		{7509B287-F52A-4960-B22F-ECFAB5E44826}.Release|Any CPU.ActiveCfg = Release|Any CPU
		{7509B287-F52A-4960-B22F-ECFAB5E44826}.Release|Any CPU.Build.0 = Release|Any CPU
		{DB3F3D47-0AA1-4232-8841-C3669A7D12E0}.Debug|Any CPU.ActiveCfg = Debug|Any CPU
		{DB3F3D47-0AA1-4232-8841-C3669A7D12E0}.Debug|Any CPU.Build.0 = Debug|Any CPU
		{DB3F3D47-0AA1-4232-8841-C3669A7D12E0}.Release|Any CPU.ActiveCfg = Release|Any CPU
		{DB3F3D47-0AA1-4232-8841-C3669A7D12E0}.Release|Any CPU.Build.0 = Release|Any CPU
	EndGlobalSection
EndGlobal
